
Microsoft Visual Studio Solution File, Format Version 12.00
# Visual Studio Version 16
VisualStudioVersion = 16.0.31213.239
MinimumVisualStudioVersion = 10.0.40219.1
Project("{9A19103F-16F7-4668-BE54-9A1E7A4F7556}") = "PayrollPreparationConsole", "PayrollPreparationConsole\PayrollPreparationConsole.csproj", "{82B9C124-2668-4D79-95E5-BCDB5C1642C8}"
	ProjectSection(ProjectDependencies) = postProject
		{84293538-10DF-4E1A-9ABD-A2D132A937A2} = {84293538-10DF-4E1A-9ABD-A2D132A937A2}
		{CCB15BF0-0A43-4515-963E-37A3147E65FA} = {CCB15BF0-0A43-4515-963E-37A3147E65FA}
	EndProjectSection
EndProject
Project("{9A19103F-16F7-4668-BE54-9A1E7A4F7556}") = "PayrollPreparationBL", "PayrollPreparationBL\PayrollPreparationBL.csproj", "{CCB15BF0-0A43-4515-963E-37A3147E65FA}"
EndProject
Project("{9A19103F-16F7-4668-BE54-9A1E7A4F7556}") = "PayrollPreparationRepository", "PayrollPreparationRepository\PayrollPreparationRepository.csproj", "{84293538-10DF-4E1A-9ABD-A2D132A937A2}"
	ProjectSection(ProjectDependencies) = postProject
		{CCB15BF0-0A43-4515-963E-37A3147E65FA} = {CCB15BF0-0A43-4515-963E-37A3147E65FA}
	EndProjectSection
EndProject
Project("{FAE04EC0-301F-11D3-BF4B-00C04F79EFBC}") = "PayrollPreparationTest", "PayrollPreparationTest\PayrollPreparationTest.csproj", "{33963631-2E6E-482D-8F4A-1AF9BDE2E0A2}"
EndProject
Global
	GlobalSection(SolutionConfigurationPlatforms) = preSolution
		Debug|Any CPU = Debug|Any CPU
		Release|Any CPU = Release|Any CPU
	EndGlobalSection
	GlobalSection(ProjectConfigurationPlatforms) = postSolution
		{82B9C124-2668-4D79-95E5-BCDB5C1642C8}.Debug|Any CPU.ActiveCfg = Debug|Any CPU
		{82B9C124-2668-4D79-95E5-BCDB5C1642C8}.Debug|Any CPU.Build.0 = Debug|Any CPU
		{82B9C124-2668-4D79-95E5-BCDB5C1642C8}.Release|Any CPU.ActiveCfg = Release|Any CPU
		{82B9C124-2668-4D79-95E5-BCDB5C1642C8}.Release|Any CPU.Build.0 = Release|Any CPU
		{CCB15BF0-0A43-4515-963E-37A3147E65FA}.Debug|Any CPU.ActiveCfg = Debug|Any CPU
		{CCB15BF0-0A43-4515-963E-37A3147E65FA}.Debug|Any CPU.Build.0 = Debug|Any CPU
		{CCB15BF0-0A43-4515-963E-37A3147E65FA}.Release|Any CPU.ActiveCfg = Release|Any CPU
		{CCB15BF0-0A43-4515-963E-37A3147E65FA}.Release|Any CPU.Build.0 = Release|Any CPU
		{84293538-10DF-4E1A-9ABD-A2D132A937A2}.Debug|Any CPU.ActiveCfg = Debug|Any CPU
		{84293538-10DF-4E1A-9ABD-A2D132A937A2}.Debug|Any CPU.Build.0 = Debug|Any CPU
		{84293538-10DF-4E1A-9ABD-A2D132A937A2}.Release|Any CPU.ActiveCfg = Release|Any CPU
		{84293538-10DF-4E1A-9ABD-A2D132A937A2}.Release|Any CPU.Build.0 = Release|Any CPU
		{33963631-2E6E-482D-8F4A-1AF9BDE2E0A2}.Debug|Any CPU.ActiveCfg = Debug|Any CPU
		{33963631-2E6E-482D-8F4A-1AF9BDE2E0A2}.Debug|Any CPU.Build.0 = Debug|Any CPU
		{33963631-2E6E-482D-8F4A-1AF9BDE2E0A2}.Release|Any CPU.ActiveCfg = Release|Any CPU
		{33963631-2E6E-482D-8F4A-1AF9BDE2E0A2}.Release|Any CPU.Build.0 = Release|Any CPU
	EndGlobalSection
	GlobalSection(SolutionProperties) = preSolution
		HideSolutionNode = FALSE
	EndGlobalSection
	GlobalSection(ExtensibilityGlobals) = postSolution
		SolutionGuid = {87CB9076-D3C3-425C-88E4-A54AA1D08E49}
	EndGlobalSection
EndGlobal
